{
    "_meta": {
        "hash": {
            "sha256": "e9dee3f4bc877b4d206f6741462c0e2b1b1ee6e0ea388de7000015eac202abdd"
        },
        "pipfile-spec": 6,
        "requires": {
            "python_version": "3.11"
        },
        "sources": [
            {
                "name": "pypi",
                "url": "https://pypi.org/simple",
                "verify_ssl": true
            }
        ]
    },
    "default": {
        "psycopg": {
            "hashes": [
                "sha256:7a63249f52e9c312d2d3978df5f170d21a0defd3a0c950d7859d226b7cfbfad5",
                "sha256:f5bce37d357578b230ede15fb461e2c601122986f6dd590e94283aaca8958b14"
            ],
            "index": "pypi",
            "markers": "python_version >= '3.7'",
            "version": "==3.1.14"
        },
        "typing-extensions": {
            "hashes": [
                "sha256:23478f88c37f27d76ac8aee6c905017a143b0b1b886c3c9f66bc2fd94f9f5783",
                "sha256:af72aea155e91adfc61c3ae9e0e342dbc0cba726d6cba4b6c72c1f34e47291cd"
            ],
            "markers": "python_version >= '3.8'",
            "version": "==4.9.0"
        }
    },
    "develop": {}
}
